Microsoft Visual Studio Solution File, Format Version 9.00
# Visual Studio 2005
Project("{2150E333-8FDC-42A3-9474-1A3956D46DE8}") = "Python", "Python", "{AF3430E4-6CC0-48E4-9FE3-AEE4A23CCD76}"
	ProjectSection(SolutionItems) = preProject
		..\..\batch.py = ..\..\batch.py
		..\..\commonqt.py = ..\..\commonqt.py
		..\..\gotm.py = ..\..\gotm.py
		..\..\scenariobuilder.py = ..\..\scenariobuilder.py
		..\..\setup.py = ..\..\setup.py
		..\..\simulator.py = ..\..\simulator.py
		..\..\visualizer.py = ..\..\visualizer.py
	EndProjectSection
EndProject
Project("{2150E333-8FDC-42A3-9474-1A3956D46DE8}") = "schemas", "schemas", "{9B09D41F-5FB8-4FAD-8E03-F5E53103748D}"
	ProjectSection(SolutionItems) = preProject
		..\..\schemas\outputtree.xml = ..\..\schemas\outputtree.xml
	EndProjectSection
EndProject
Project("{2150E333-8FDC-42A3-9474-1A3956D46DE8}") = "report", "report", "{1B98823E-819F-46B0-950F-A1F2993538AD}"
	ProjectSection(SolutionItems) = preProject
		..\..\schemas\report\gotmgui.xml = ..\..\schemas\report\gotmgui.xml
	EndProjectSection
EndProject
Project("{2150E333-8FDC-42A3-9474-1A3956D46DE8}") = "result", "result", "{CDBA7004-02BA-40A3-9F2A-D7A10F701220}"
	ProjectSection(SolutionItems) = preProject
		..\..\schemas\result\gotmgui.xml = ..\..\schemas\result\gotmgui.xml
	EndProjectSection
EndProject
Project("{2150E333-8FDC-42A3-9474-1A3956D46DE8}") = "scenario", "scenario", "{4481907A-5850-4BAC-94F2-23E2FC5BB33B}"
	ProjectSection(SolutionItems) = preProject
		..\..\schemas\scenario\gotm-3.2.4.xml = ..\..\schemas\scenario\gotm-3.2.4.xml
		..\..\schemas\scenario\gotm-3.3.2.xml = ..\..\schemas\scenario\gotm-3.3.2.xml
		..\..\schemas\scenario\gotm-4.0.0.xml = ..\..\schemas\scenario\gotm-4.0.0.xml
		..\..\schemas\scenario\gotm-4.1.0.xml = ..\..\schemas\scenario\gotm-4.1.0.xml
		..\..\schemas\scenario\gotmgui-0.5.0.xml = ..\..\schemas\scenario\gotmgui-0.5.0.xml
	EndProjectSection
EndProject
Project("{2150E333-8FDC-42A3-9474-1A3956D46DE8}") = "settings", "settings", "{C9C26D7C-F213-41C1-91AC-0313D612391E}"
	ProjectSection(SolutionItems) = preProject
		..\..\schemas\settings\gotmgui.xml = ..\..\schemas\settings\gotmgui.xml
	EndProjectSection
EndProject
Project("{2150E333-8FDC-42A3-9474-1A3956D46DE8}") = "defaultscenarios", "defaultscenarios", "{B38CA698-68F3-46B6-8CA2-C1CF389AD0E7}"
	ProjectSection(SolutionItems) = preProject
		..\..\defaultscenarios\default.xml = ..\..\defaultscenarios\default.xml
	EndProjectSection
EndProject
Project("{2150E333-8FDC-42A3-9474-1A3956D46DE8}") = "util", "util", "{B352B739-F677-4F20-A890-51CEA0CD2086}"
	ProjectSection(SolutionItems) = preProject
		..\..\util\nml2xml.py = ..\..\util\nml2xml.py
		..\..\util\xml2nml.py = ..\..\util\xml2nml.py
	EndProjectSection
EndProject
Project("{2150E333-8FDC-42A3-9474-1A3956D46DE8}") = "core", "core", "{7221ADCA-A60F-4FD6-B21D-09D4DE228ACF}"
	ProjectSection(SolutionItems) = preProject
		..\..\core\common.py = ..\..\core\common.py
		..\..\core\namelist.py = ..\..\core\namelist.py
		..\..\core\report.py = ..\..\core\report.py
		..\..\core\result.py = ..\..\core\result.py
		..\..\core\scenario.py = ..\..\core\scenario.py
		..\..\core\settings.py = ..\..\core\settings.py
		..\..\core\simulator.py = ..\..\core\simulator.py
	EndProjectSection
EndProject
Project("{2150E333-8FDC-42A3-9474-1A3956D46DE8}") = "xmlplot", "xmlplot", "{ED14B761-93AA-4FA8-8E62-2EAD150852E8}"
	ProjectSection(SolutionItems) = preProject
		..\..\xmlplot\common.py = ..\..\xmlplot\common.py
		..\..\xmlplot\data.py = ..\..\xmlplot\data.py
		..\..\xmlplot\expressions.py = ..\..\xmlplot\expressions.py
		..\..\xmlplot\functions.py = ..\..\xmlplot\functions.py
		..\..\xmlplot\gui_qt4.py = ..\..\xmlplot\gui_qt4.py
		..\..\xmlplot\plot.py = ..\..\xmlplot\plot.py
	EndProjectSection
EndProject
Project("{2150E333-8FDC-42A3-9474-1A3956D46DE8}") = "xmlstore", "xmlstore", "{F98996AE-260D-42D5-9E95-C3181A2D7C8E}"
	ProjectSection(SolutionItems) = preProject
		..\..\xmlstore\gui_qt4.py = ..\..\xmlstore\gui_qt4.py
		..\..\xmlstore\util.py = ..\..\xmlstore\util.py
		..\..\xmlstore\xmlstore.py = ..\..\xmlstore\xmlstore.py
	EndProjectSection
EndProject
Project("{2150E333-8FDC-42A3-9474-1A3956D46DE8}") = "schemas", "schemas", "{2C85DE96-9B7C-440B-92C7-CCEA8E9BF0F2}"
EndProject
Project("{2150E333-8FDC-42A3-9474-1A3956D46DE8}") = "figure", "figure", "{E25CD9E2-4661-4402-9E28-33ED4336CEFA}"
	ProjectSection(SolutionItems) = preProject
		..\..\xmlplot\schemas\figure\0001.xml = ..\..\xmlplot\schemas\figure\0001.xml
	EndProjectSection
EndProject
Project("{2150E333-8FDC-42A3-9474-1A3956D46DE8}") = "datafilecache", "datafilecache", "{10A4F0A0-9287-4C21-93F1-22BA1F540459}"
	ProjectSection(SolutionItems) = preProject
		..\..\xmlplot\schemas\datafilecache\0001.xml = ..\..\xmlplot\schemas\datafilecache\0001.xml
	EndProjectSection
EndProject
Global
	GlobalSection(SolutionProperties) = preSolution
		HideSolutionNode = FALSE
	EndGlobalSection
	GlobalSection(NestedProjects) = preSolution
		{7221ADCA-A60F-4FD6-B21D-09D4DE228ACF} = {AF3430E4-6CC0-48E4-9FE3-AEE4A23CCD76}
		{ED14B761-93AA-4FA8-8E62-2EAD150852E8} = {AF3430E4-6CC0-48E4-9FE3-AEE4A23CCD76}
		{F98996AE-260D-42D5-9E95-C3181A2D7C8E} = {AF3430E4-6CC0-48E4-9FE3-AEE4A23CCD76}
		{1B98823E-819F-46B0-950F-A1F2993538AD} = {9B09D41F-5FB8-4FAD-8E03-F5E53103748D}
		{CDBA7004-02BA-40A3-9F2A-D7A10F701220} = {9B09D41F-5FB8-4FAD-8E03-F5E53103748D}
		{4481907A-5850-4BAC-94F2-23E2FC5BB33B} = {9B09D41F-5FB8-4FAD-8E03-F5E53103748D}
		{C9C26D7C-F213-41C1-91AC-0313D612391E} = {9B09D41F-5FB8-4FAD-8E03-F5E53103748D}
		{2C85DE96-9B7C-440B-92C7-CCEA8E9BF0F2} = {ED14B761-93AA-4FA8-8E62-2EAD150852E8}
		{10A4F0A0-9287-4C21-93F1-22BA1F540459} = {ED14B761-93AA-4FA8-8E62-2EAD150852E8}
		{E25CD9E2-4661-4402-9E28-33ED4336CEFA} = {2C85DE96-9B7C-440B-92C7-CCEA8E9BF0F2}
	EndGlobalSection
EndGlobal
