Microsoft Visual Studio Solution File, Format Version 10.00
# Visual Studio 2008
Project("{2150E333-8FDC-42A3-9474-1A3956D46DE8}") = "Python", "Python", "{AF3430E4-6CC0-48E4-9FE3-AEE4A23CCD76}"
	ProjectSection(SolutionItems) = preProject
		..\..\batch.py = ..\..\batch.py
		..\..\commonqt.py = ..\..\commonqt.py
		..\..\errortrap.py = ..\..\errortrap.py
		..\..\gotmgui.py = ..\..\gotmgui.py
		..\..\scenariobuilder.py = ..\..\scenariobuilder.py
		..\..\setup.py = ..\..\setup.py
		..\..\simulator.py = ..\..\simulator.py
		..\..\visualizer.py = ..\..\visualizer.py
	EndProjectSection
EndProject
Project("{2150E333-8FDC-42A3-9474-1A3956D46DE8}") = "schemas", "schemas", "{9B09D41F-5FB8-4FAD-8E03-F5E53103748D}"
	ProjectSection(SolutionItems) = preProject
		..\..\schemas\outputtree.schema = ..\..\schemas\outputtree.schema
	EndProjectSection
EndProject
Project("{2150E333-8FDC-42A3-9474-1A3956D46DE8}") = "report", "report", "{1B98823E-819F-46B0-950F-A1F2993538AD}"
	ProjectSection(SolutionItems) = preProject
		..\..\schemas\report\gotmgui.schema = ..\..\schemas\report\gotmgui.schema
	EndProjectSection
EndProject
Project("{2150E333-8FDC-42A3-9474-1A3956D46DE8}") = "result", "result", "{CDBA7004-02BA-40A3-9F2A-D7A10F701220}"
	ProjectSection(SolutionItems) = preProject
		..\..\schemas\result\gotmgui.schema = ..\..\schemas\result\gotmgui.schema
	EndProjectSection
EndProject
Project("{2150E333-8FDC-42A3-9474-1A3956D46DE8}") = "scenario", "scenario", "{4481907A-5850-4BAC-94F2-23E2FC5BB33B}"
	ProjectSection(SolutionItems) = preProject
		..\..\schemas\scenario\gotm-3.2.4.schema = ..\..\schemas\scenario\gotm-3.2.4.schema
		..\..\schemas\scenario\gotm-3.3.2.schema = ..\..\schemas\scenario\gotm-3.3.2.schema
		..\..\schemas\scenario\gotm-4.0.0.schema = ..\..\schemas\scenario\gotm-4.0.0.schema
		..\..\schemas\scenario\gotm-4.1.0.defaults = ..\..\schemas\scenario\gotm-4.1.0.defaults
		..\..\schemas\scenario\gotm-4.1.0.schema = ..\..\schemas\scenario\gotm-4.1.0.schema
		..\..\schemas\scenario\gotmgui-0.5.0.schema = ..\..\schemas\scenario\gotmgui-0.5.0.schema
	EndProjectSection
EndProject
Project("{2150E333-8FDC-42A3-9474-1A3956D46DE8}") = "settings", "settings", "{C9C26D7C-F213-41C1-91AC-0313D612391E}"
	ProjectSection(SolutionItems) = preProject
		..\..\schemas\settings\gotmgui.schema = ..\..\schemas\settings\gotmgui.schema
	EndProjectSection
EndProject
Project("{2150E333-8FDC-42A3-9474-1A3956D46DE8}") = "util", "util", "{B352B739-F677-4F20-A890-51CEA0CD2086}"
	ProjectSection(SolutionItems) = preProject
		..\..\util\extractncdata.py = ..\..\util\extractncdata.py
		..\..\util\mergeobs.py = ..\..\util\mergeobs.py
		..\..\util\nml2xml.py = ..\..\util\nml2xml.py
		..\..\util\xml2nml.py = ..\..\util\xml2nml.py
	EndProjectSection
EndProject
Project("{2150E333-8FDC-42A3-9474-1A3956D46DE8}") = "core", "core", "{7221ADCA-A60F-4FD6-B21D-09D4DE228ACF}"
	ProjectSection(SolutionItems) = preProject
		..\..\core\common.py = ..\..\core\common.py
		..\..\core\namelist.py = ..\..\core\namelist.py
		..\..\core\report.py = ..\..\core\report.py
		..\..\core\result.py = ..\..\core\result.py
		..\..\core\scenario-1.0.xsd = ..\..\core\scenario-1.0.xsd
		..\..\core\scenario.py = ..\..\core\scenario.py
		..\..\core\settings.py = ..\..\core\settings.py
		..\..\core\simulator.py = ..\..\core\simulator.py
	EndProjectSection
EndProject
Project("{2150E333-8FDC-42A3-9474-1A3956D46DE8}") = "xmlplot", "xmlplot", "{ED14B761-93AA-4FA8-8E62-2EAD150852E8}"
	ProjectSection(SolutionItems) = preProject
		..\..\xmlplot\common.py = ..\..\xmlplot\common.py
		..\..\xmlplot\expressions.py = ..\..\xmlplot\expressions.py
		..\..\xmlplot\functions.py = ..\..\xmlplot\functions.py
		..\..\xmlplot\georef.py = ..\..\xmlplot\georef.py
		..\..\xmlplot\gui_qt4.py = ..\..\xmlplot\gui_qt4.py
		..\..\xmlplot\mpl_backend_qt4.py = ..\..\xmlplot\mpl_backend_qt4.py
		..\..\xmlplot\plot.py = ..\..\xmlplot\plot.py
		..\..\xmlplot\xmlplot-1.0.xsd = ..\..\xmlplot\xmlplot-1.0.xsd
	EndProjectSection
EndProject
Project("{2150E333-8FDC-42A3-9474-1A3956D46DE8}") = "xmlstore", "xmlstore", "{F98996AE-260D-42D5-9E95-C3181A2D7C8E}"
	ProjectSection(SolutionItems) = preProject
		..\..\xmlstore\__init__.py = ..\..\xmlstore\__init__.py
		..\..\xmlstore\converter-1.0.xsd = ..\..\xmlstore\converter-1.0.xsd
		..\..\xmlstore\datatypes.py = ..\..\xmlstore\datatypes.py
		..\..\xmlstore\gui_qt4.py = ..\..\xmlstore\gui_qt4.py
		..\..\xmlstore\util.py = ..\..\xmlstore\util.py
		..\..\xmlstore\versioning.py = ..\..\xmlstore\versioning.py
		..\..\xmlstore\xmlstore-1.0.xsd = ..\..\xmlstore\xmlstore-1.0.xsd
		..\..\xmlstore\xmlstore-base-1.0.xsd = ..\..\xmlstore\xmlstore-base-1.0.xsd
		..\..\xmlstore\xmlstore.py = ..\..\xmlstore\xmlstore.py
	EndProjectSection
EndProject
Project("{2150E333-8FDC-42A3-9474-1A3956D46DE8}") = "schemas", "schemas", "{2C85DE96-9B7C-440B-92C7-CCEA8E9BF0F2}"
EndProject
Project("{2150E333-8FDC-42A3-9474-1A3956D46DE8}") = "figure", "figure", "{E25CD9E2-4661-4402-9E28-33ED4336CEFA}"
	ProjectSection(SolutionItems) = preProject
		..\..\xmlplot\schemas\figure\0001.schema = ..\..\xmlplot\schemas\figure\0001.schema
		..\..\xmlplot\schemas\figure\0002.schema = ..\..\xmlplot\schemas\figure\0002.schema
		..\..\xmlplot\schemas\figure\0002_0003.converter = ..\..\xmlplot\schemas\figure\0002_0003.converter
		..\..\xmlplot\schemas\figure\0003.schema = ..\..\xmlplot\schemas\figure\0003.schema
	EndProjectSection
EndProject
Project("{2150E333-8FDC-42A3-9474-1A3956D46DE8}") = "datafilecache", "datafilecache", "{10A4F0A0-9287-4C21-93F1-22BA1F540459}"
	ProjectSection(SolutionItems) = preProject
		..\..\xmlplot\schemas\datafilecache\0001.schema = ..\..\xmlplot\schemas\datafilecache\0001.schema
	EndProjectSection
EndProject
Project("{2150E333-8FDC-42A3-9474-1A3956D46DE8}") = "converters", "converters", "{7F94F549-7EBA-49C5-9B5A-1973D64666F0}"
	ProjectSection(SolutionItems) = preProject
		..\..\schemas\scenario\gotm-3.2.4_gotm-3.3.2.converter = ..\..\schemas\scenario\gotm-3.2.4_gotm-3.3.2.converter
		..\..\schemas\scenario\gotm-3.3.2_gotm-4.0.0.converter = ..\..\schemas\scenario\gotm-3.3.2_gotm-4.0.0.converter
		..\..\schemas\scenario\gotm-4.0.0_gotm-4.1.0.converter = ..\..\schemas\scenario\gotm-4.0.0_gotm-4.1.0.converter
		..\..\schemas\scenario\gotm-4.1.0_gotmgui-0.5.0.converter = ..\..\schemas\scenario\gotm-4.1.0_gotmgui-0.5.0.converter
	EndProjectSection
EndProject
Project("{2150E333-8FDC-42A3-9474-1A3956D46DE8}") = "data", "data", "{E0960FB7-DE47-4E34-99D9-CFFA4B986B85}"
	ProjectSection(SolutionItems) = preProject
		..\..\xmlplot\data\__init__.py = ..\..\xmlplot\data\__init__.py
		..\..\xmlplot\data\gotmtext.py = ..\..\xmlplot\data\gotmtext.py
		..\..\xmlplot\data\hdf4.py = ..\..\xmlplot\data\hdf4.py
		..\..\xmlplot\data\netcdf.py = ..\..\xmlplot\data\netcdf.py
	EndProjectSection
EndProject
Global
	GlobalSection(SolutionProperties) = preSolution
		HideSolutionNode = FALSE
	EndGlobalSection
	GlobalSection(NestedProjects) = preSolution
		{7221ADCA-A60F-4FD6-B21D-09D4DE228ACF} = {AF3430E4-6CC0-48E4-9FE3-AEE4A23CCD76}
		{ED14B761-93AA-4FA8-8E62-2EAD150852E8} = {AF3430E4-6CC0-48E4-9FE3-AEE4A23CCD76}
		{F98996AE-260D-42D5-9E95-C3181A2D7C8E} = {AF3430E4-6CC0-48E4-9FE3-AEE4A23CCD76}
		{1B98823E-819F-46B0-950F-A1F2993538AD} = {9B09D41F-5FB8-4FAD-8E03-F5E53103748D}
		{CDBA7004-02BA-40A3-9F2A-D7A10F701220} = {9B09D41F-5FB8-4FAD-8E03-F5E53103748D}
		{4481907A-5850-4BAC-94F2-23E2FC5BB33B} = {9B09D41F-5FB8-4FAD-8E03-F5E53103748D}
		{C9C26D7C-F213-41C1-91AC-0313D612391E} = {9B09D41F-5FB8-4FAD-8E03-F5E53103748D}
		{7F94F549-7EBA-49C5-9B5A-1973D64666F0} = {4481907A-5850-4BAC-94F2-23E2FC5BB33B}
		{2C85DE96-9B7C-440B-92C7-CCEA8E9BF0F2} = {ED14B761-93AA-4FA8-8E62-2EAD150852E8}
		{E0960FB7-DE47-4E34-99D9-CFFA4B986B85} = {ED14B761-93AA-4FA8-8E62-2EAD150852E8}
		{E25CD9E2-4661-4402-9E28-33ED4336CEFA} = {2C85DE96-9B7C-440B-92C7-CCEA8E9BF0F2}
		{10A4F0A0-9287-4C21-93F1-22BA1F540459} = {2C85DE96-9B7C-440B-92C7-CCEA8E9BF0F2}
	EndGlobalSection
EndGlobal
